
Microsoft Visual Studio Solution File, Format Version 12.00
# Visual Studio Version 17
VisualStudioVersion = 17.8.34511.84
MinimumVisualStudioVersion = 10.0.40219.1
Project("{FAE04EC0-301F-11D3-BF4B-00C04F79EFBC}") = "GitErDone", "GitErDone\GitErDone.csproj", "{3C369E66-EF23-46E8-AC98-3146F6DE3510}"
EndProject
Global
	GlobalSection(SolutionConfigurationPlatforms) = preSolution
		Debug|Any CPU = Debug|Any CPU
		Release|Any CPU = Release|Any CPU
	EndGlobalSection
	GlobalSection(ProjectConfigurationPlatforms) = postSolution
		{3C369E66-EF23-46E8-AC98-3146F6DE3510}.Debug|Any CPU.ActiveCfg = Debug|Any CPU
		{3C369E66-EF23-46E8-AC98-3146F6DE3510}.Debug|Any CPU.Build.0 = Debug|Any CPU
		{3C369E66-EF23-46E8-AC98-3146F6DE3510}.Release|Any CPU.ActiveCfg = Release|Any CPU
		{3C369E66-EF23-46E8-AC98-3146F6DE3510}.Release|Any CPU.Build.0 = Release|Any CPU
	EndGlobalSection
	GlobalSection(SolutionProperties) = preSolution
		HideSolutionNode = FALSE
	EndGlobalSection
	GlobalSection(ExtensibilityGlobals) = postSolution
		SolutionGuid = {E243F580-5659-4C03-9F30-574C3F8D78AE}
	EndGlobalSection
EndGlobal
